<?xml version="1.0" encoding="UTF-8"?>
<Solution>
	<Configurations>
		<BuildType Name="Custom"/>
		<Platform Name="x64"/>
	</Configurations>
	<Project Path="extras/Build/juceaide/juceaide.vcxproj" Type="8bc9ceb8-8b4a-11d0-8d11-00a0c91bc942" Id="c1791a7d-eb49-3139-8101-01a091a0127c">
		<BuildDependency Project="ZERO_CHECK.vcxproj"/>
	</Project>
	<Folder Name="/CMakePredefinedTargets/">
		<Project Path="ALL_BUILD.vcxproj" Type="8bc9ceb8-8b4a-11d0-8d11-00a0c91bc942" Id="da9c44a7-3372-352b-9fcb-87e18cbbf781" DefaultStartup="true">
			<BuildDependency Project="ZERO_CHECK.vcxproj"/>
			<BuildDependency Project="extras/Build/juceaide/juceaide.vcxproj"/>
		</Project>
		<Project Path="INSTALL.vcxproj" Type="8bc9ceb8-8b4a-11d0-8d11-00a0c91bc942" Id="d9d75284-bc6f-375a-9d29-b63c84d3ad0e">
			<BuildDependency Project="ALL_BUILD.vcxproj"/>
			<BuildDependency Project="ZERO_CHECK.vcxproj"/>
			<Build Solution="Custom|*" Project="false"/>
		</Project>
		<Project Path="ZERO_CHECK.vcxproj" Type="8bc9ceb8-8b4a-11d0-8d11-00a0c91bc942" Id="42490d25-5f68-37b4-beb0-015e84e1c32d"/>
	</Folder>
</Solution>
