<?xml version="1.0" encoding="utf-8"?>
<Project ToolsVersion="18.0" xmlns="http://schemas.microsoft.com/developer/msbuild/2003">
  <ItemGroup>
    <ClCompile Include="D:\VST_Project\HighPrecisionEQ\Source\PluginProcessor.cpp">
      <Filter>Source Files</Filter>
    </ClCompile>
    <ClCompile Include="D:\VST_Project\HighPrecisionEQ\Source\PluginEditor.cpp">
      <Filter>Source Files</Filter>
    </ClCompile>
    <ClCompile Include="D:\VST_Project\HighPrecisionEQ\Source\DSP\MinimumPhaseEQ.cpp">
      <Filter>Source Files</Filter>
    </ClCompile>
    <ClCompile Include="D:\VST_Project\HighPrecisionEQ\Source\DSP\WaveformCatcher.cpp">
      <Filter>Source Files</Filter>
    </ClCompile>
    <ClCompile Include="D:\VST_Project\HighPrecisionEQ\Source\DSP\AnalyzerDSP.cpp">
      <Filter>Source Files</Filter>
    </ClCompile>
    <ClCompile Include="D:\VST_Project\HighPrecisionEQ\Source\GUI\ArcDial.cpp">
      <Filter>Source Files</Filter>
    </ClCompile>
    <ClCompile Include="D:\VST_Project\HighPrecisionEQ\Source\GUI\FreqResponseDisplay.cpp">
      <Filter>Source Files</Filter>
    </ClCompile>
    <ClCompile Include="D:\VST_Project\HighPrecisionEQ\Source\GUI\WaveformDisplay.cpp">
      <Filter>Source Files</Filter>
    </ClCompile>
    <ClCompile Include="D:\VST_Project\HighPrecisionEQ\Source\GUI\PhaseDisplay.cpp">
      <Filter>Source Files</Filter>
    </ClCompile>
    <ClCompile Include="C:\JUCE\modules\juce_audio_processors\juce_audio_processors.cpp">
      <Filter>Source Files</Filter>
    </ClCompile>
    <ClCompile Include="C:\JUCE\modules\juce_gui_extra\juce_gui_extra.cpp">
      <Filter>Source Files</Filter>
    </ClCompile>
    <ClCompile Include="C:\JUCE\modules\juce_gui_basics\juce_gui_basics.cpp">
      <Filter>Source Files</Filter>
    </ClCompile>
    <ClCompile Include="C:\JUCE\modules\juce_graphics\juce_graphics.cpp">
      <Filter>Source Files</Filter>
    </ClCompile>
    <ClCompile Include="C:\JUCE\modules\juce_graphics\juce_graphics_Harfbuzz.cpp">
      <Filter>Source Files</Filter>
    </ClCompile>
    <ClCompile Include="C:\JUCE\modules\juce_graphics\juce_graphics_Sheenbidi.c">
      <Filter>Source Files</Filter>
    </ClCompile>
    <ClCompile Include="C:\JUCE\modules\juce_events\juce_events.cpp">
      <Filter>Source Files</Filter>
    </ClCompile>
    <ClCompile Include="C:\JUCE\modules\juce_core\juce_core.cpp">
      <Filter>Source Files</Filter>
    </ClCompile>
    <ClCompile Include="C:\JUCE\modules\juce_core\juce_core_CompilationTime.cpp">
      <Filter>Source Files</Filter>
    </ClCompile>
    <ClCompile Include="C:\JUCE\modules\juce_data_structures\juce_data_structures.cpp">
      <Filter>Source Files</Filter>
    </ClCompile>
    <ClCompile Include="C:\JUCE\modules\juce_audio_processors_headless\juce_audio_processors_headless.cpp">
      <Filter>Source Files</Filter>
    </ClCompile>
    <ClCompile Include="C:\JUCE\modules\juce_audio_processors_headless\juce_audio_processors_headless_ara.cpp">
      <Filter>Source Files</Filter>
    </ClCompile>
    <ClCompile Include="C:\JUCE\modules\juce_audio_processors_headless\juce_audio_processors_headless_lv2_libs.cpp">
      <Filter>Source Files</Filter>
    </ClCompile>
    <ClCompile Include="C:\JUCE\modules\juce_audio_basics\juce_audio_basics.cpp">
      <Filter>Source Files</Filter>
    </ClCompile>
    <ClCompile Include="C:\JUCE\modules\juce_audio_devices\juce_audio_devices.cpp">
      <Filter>Source Files</Filter>
    </ClCompile>
    <ClCompile Include="C:\JUCE\modules\juce_audio_formats\juce_audio_formats.cpp">
      <Filter>Source Files</Filter>
    </ClCompile>
    <ClCompile Include="C:\JUCE\modules\juce_audio_utils\juce_audio_utils.cpp">
      <Filter>Source Files</Filter>
    </ClCompile>
    <ClCompile Include="C:\JUCE\modules\juce_dsp\juce_dsp.cpp">
      <Filter>Source Files</Filter>
    </ClCompile>
    <ClCompile Include="C:\JUCE\modules\juce_opengl\juce_opengl.cpp">
      <Filter>Source Files</Filter>
    </ClCompile>
  </ItemGroup>
  <ItemGroup>
    <ClInclude Include="D:\VST_Project\HighPrecisionEQ\Source\PluginProcessor.h">
      <Filter>Header Files</Filter>
    </ClInclude>
    <ClInclude Include="D:\VST_Project\HighPrecisionEQ\Source\PluginEditor.h">
      <Filter>Header Files</Filter>
    </ClInclude>
    <ClInclude Include="D:\VST_Project\HighPrecisionEQ\Source\DSP\MinimumPhaseEQ.h">
      <Filter>Header Files</Filter>
    </ClInclude>
    <ClInclude Include="D:\VST_Project\HighPrecisionEQ\Source\DSP\SOSCoefficients.h">
      <Filter>Header Files</Filter>
    </ClInclude>
    <ClInclude Include="D:\VST_Project\HighPrecisionEQ\Source\DSP\SPSCQueue.h">
      <Filter>Header Files</Filter>
    </ClInclude>
    <ClInclude Include="D:\VST_Project\HighPrecisionEQ\Source\DSP\WaveformCatcher.h">
      <Filter>Header Files</Filter>
    </ClInclude>
    <ClInclude Include="D:\VST_Project\HighPrecisionEQ\Source\DSP\AnalyzerDSP.h">
      <Filter>Header Files</Filter>
    </ClInclude>
    <ClInclude Include="D:\VST_Project\HighPrecisionEQ\Source\GUI\ArcDial.h">
      <Filter>Header Files</Filter>
    </ClInclude>
    <ClInclude Include="D:\VST_Project\HighPrecisionEQ\Source\GUI\FreqResponseDisplay.h">
      <Filter>Header Files</Filter>
    </ClInclude>
    <ClInclude Include="D:\VST_Project\HighPrecisionEQ\Source\GUI\WaveformDisplay.h">
      <Filter>Header Files</Filter>
    </ClInclude>
    <ClInclude Include="D:\VST_Project\HighPrecisionEQ\Source\GUI\PhaseDisplay.h">
      <Filter>Header Files</Filter>
    </ClInclude>
    <ClInclude Include="D:\VST_Project\HighPrecisionEQ\build_msvc\HighPrecisionEQ_artefacts\JuceLibraryCode\JuceHeader.h">
      <Filter>Header Files</Filter>
    </ClInclude>
  </ItemGroup>
  <ItemGroup>
    <CustomBuild Include="D:\VST_Project\HighPrecisionEQ\build_msvc\CMakeFiles\1ff99f6cdd7d2fe4bbf2a5f3f47bd607\JuceHeader.h.rule">
      <Filter>CMake Rules</Filter>
    </CustomBuild>
    <CustomBuild Include="D:\VST_Project\HighPrecisionEQ\CMakeLists.txt" />
  </ItemGroup>
  <ItemGroup>
    <Filter Include="CMake Rules">
      <UniqueIdentifier>{BAFD6000-3FA0-3719-95A9-D0DAA3FE6BFE}</UniqueIdentifier>
    </Filter>
    <Filter Include="Header Files">
      <UniqueIdentifier>{2D4DE7B8-3D87-3A8D-A517-549682C24AE6}</UniqueIdentifier>
    </Filter>
    <Filter Include="Source Files">
      <UniqueIdentifier>{1874B335-735E-3FD3-AF17-A3FE301D4F25}</UniqueIdentifier>
    </Filter>
  </ItemGroup>
</Project>
